{
  "meteor": {},
  "dependencies": {
    "basePackages": {
      "headers": {}
    },
    "packages": {
      "headers": {
        "git": "https://github.com/gadicohen/meteor-headers.git",
        "tag": "v0.0.23",
        "commit": "f7c9a01c12b08f4bf4cd9965f60cf72cf9a62d87"
      },
      "inject-initial": {
        "git": "https://github.com/gadicc/meteor-inject-initial.git",
        "tag": "v0.0.7",
        "commit": "921a944815e06ece8ce4ded180e9d2e9e31f6000"
      }
    }
  }
}
